
Microsoft Visual Studio Solution File, Format Version 12.00
# Visual Studio Version 16
VisualStudioVersion = 16.0.29613.14
MinimumVisualStudioVersion = 10.0.40219.1
Project("{FAE04EC0-301F-11D3-BF4B-00C04F79EFBC}") = "Corrected Program", "Corrected Program.csproj", "{56F5FBB9-87C6-4FC6-88EE-B8AEF79A7124}"
EndProject
Global
	GlobalSection(SolutionConfigurationPlatforms) = preSolution
		Debug|Any CPU = Debug|Any CPU
		Release|Any CPU = Release|Any CPU
	EndGlobalSection
	GlobalSection(ProjectConfigurationPlatforms) = postSolution
		{56F5FBB9-87C6-4FC6-88EE-B8AEF79A7124}.Debug|Any CPU.ActiveCfg = Debug|Any CPU
		{56F5FBB9-87C6-4FC6-88EE-B8AEF79A7124}.Debug|Any CPU.Build.0 = Debug|Any CPU
		{56F5FBB9-87C6-4FC6-88EE-B8AEF79A7124}.Release|Any CPU.ActiveCfg = Release|Any CPU
		{56F5FBB9-87C6-4FC6-88EE-B8AEF79A7124}.Release|Any CPU.Build.0 = Release|Any CPU
	EndGlobalSection
	GlobalSection(SolutionProperties) = preSolution
		HideSolutionNode = FALSE
	EndGlobalSection
	GlobalSection(ExtensibilityGlobals) = postSolution
		SolutionGuid = {3610FAEE-E46C-4C80-BF91-7F3F24E4147A}
	EndGlobalSection
EndGlobal
